
Microsoft Visual Studio Solution File, Format Version 12.00
# Visual Studio Version 17
VisualStudioVersion = 17.14.36408.4 d17.14
MinimumVisualStudioVersion = 10.0.40219.1
Project("{FAE04EC0-301F-11D3-BF4B-00C04F79EFBC}") = "P1-Clinic", "P1-Clinic\P1-Clinic.csproj", "{B352D70B-269D-4D0F-93B9-DF994DC1FBDA}"
EndProject
Global
	GlobalSection(SolutionConfigurationPlatforms) = preSolution
		Debug|Any CPU = Debug|Any CPU
		Release|Any CPU = Release|Any CPU
	EndGlobalSection
	GlobalSection(ProjectConfigurationPlatforms) = postSolution
		{B352D70B-269D-4D0F-93B9-DF994DC1FBDA}.Debug|Any CPU.ActiveCfg = Debug|Any CPU
		{B352D70B-269D-4D0F-93B9-DF994DC1FBDA}.Debug|Any CPU.Build.0 = Debug|Any CPU
		{B352D70B-269D-4D0F-93B9-DF994DC1FBDA}.Release|Any CPU.ActiveCfg = Release|Any CPU
		{B352D70B-269D-4D0F-93B9-DF994DC1FBDA}.Release|Any CPU.Build.0 = Release|Any CPU
	EndGlobalSection
	GlobalSection(SolutionProperties) = preSolution
		HideSolutionNode = FALSE
	EndGlobalSection
	GlobalSection(ExtensibilityGlobals) = postSolution
		SolutionGuid = {A965A2FF-4F85-4423-AA8F-D92A203C3005}
	EndGlobalSection
EndGlobal
